
Microsoft Visual Studio Solution File, Format Version 12.00
# Visual Studio Version 17
VisualStudioVersion = 17.2.32526.322
MinimumVisualStudioVersion = 10.0.40219.1
Project("{9A19103F-16F7-4668-BE54-9A1E7A4F7556}") = "WindowsClient", "WindowsClient.csproj", "{C54CAAB8-537A-4B1E-97BE-8BEDA7BB3210}"
EndProject
Project("{FAE04EC0-301F-11D3-BF4B-00C04F79EFBC}") = "UnitSystem", "..\UnitSystem\UnitSystem.csproj", "{D64BF2E4-83CB-40FC-ADB9-84C06BE67746}"
EndProject
Project("{FAE04EC0-301F-11D3-BF4B-00C04F79EFBC}") = "WindowsClient.Tests", "..\WindowsClient.Tests\WindowsClient.Tests.csproj", "{8D394792-5A80-4ABE-AAA0-17487845A5EA}"
EndProject
Project("{2150E333-8FDC-42A3-9474-1A3956D46DE8}") = "CypherCrescent.Libraries", "CypherCrescent.Libraries", "{314E86FE-15E9-4CD9-A10C-4894B42B8E32}"
EndProject
Global
	GlobalSection(SolutionConfigurationPlatforms) = preSolution
		Debug|Any CPU = Debug|Any CPU
		Release|Any CPU = Release|Any CPU
	EndGlobalSection
	GlobalSection(ProjectConfigurationPlatforms) = postSolution
		{C54CAAB8-537A-4B1E-97BE-8BEDA7BB3210}.Debug|Any CPU.ActiveCfg = Debug|Any CPU
		{C54CAAB8-537A-4B1E-97BE-8BEDA7BB3210}.Debug|Any CPU.Build.0 = Debug|Any CPU
		{C54CAAB8-537A-4B1E-97BE-8BEDA7BB3210}.Release|Any CPU.ActiveCfg = Release|Any CPU
		{C54CAAB8-537A-4B1E-97BE-8BEDA7BB3210}.Release|Any CPU.Build.0 = Release|Any CPU
		{D64BF2E4-83CB-40FC-ADB9-84C06BE67746}.Debug|Any CPU.ActiveCfg = Debug|Any CPU
		{D64BF2E4-83CB-40FC-ADB9-84C06BE67746}.Debug|Any CPU.Build.0 = Debug|Any CPU
		{D64BF2E4-83CB-40FC-ADB9-84C06BE67746}.Release|Any CPU.ActiveCfg = Release|Any CPU
		{D64BF2E4-83CB-40FC-ADB9-84C06BE67746}.Release|Any CPU.Build.0 = Release|Any CPU
		{8D394792-5A80-4ABE-AAA0-17487845A5EA}.Debug|Any CPU.ActiveCfg = Debug|Any CPU
		{8D394792-5A80-4ABE-AAA0-17487845A5EA}.Debug|Any CPU.Build.0 = Debug|Any CPU
		{8D394792-5A80-4ABE-AAA0-17487845A5EA}.Release|Any CPU.ActiveCfg = Release|Any CPU
		{8D394792-5A80-4ABE-AAA0-17487845A5EA}.Release|Any CPU.Build.0 = Release|Any CPU
	EndGlobalSection
	GlobalSection(SolutionProperties) = preSolution
		HideSolutionNode = FALSE
	EndGlobalSection
	GlobalSection(ExtensibilityGlobals) = postSolution
		SolutionGuid = {E70E166F-2113-40AE-A718-2840930971EB}
	EndGlobalSection
EndGlobal
